// !$*UTF8*$!
{
	archiveVersion = 1;
	classes = {
	};
	objectVersion = 46;
	objects = {

/* Begin PBXBuildFile section */
		27842A271DCF1DF300CEFE5E /* AppDelegate.swift in Sources */ = {isa = PBXBuildFile; fileRef = 27842A261DCF1DF300CEFE5E /* AppDelegate.swift */; };
		27842A291DCF1DF300CEFE5E /* ViewController.swift in Sources */ = {isa = PBXBuildFile; fileRef = 27842A281DCF1DF300CEFE5E /* ViewController.swift */; };
		27842A2C1DCF1DF300CEFE5E /* Main.storyboard in Resources */ = {isa = PBXBuildFile; fileRef = 27842A2A1DCF1DF300CEFE5E /* Main.storyboard */; };
		27842A2E1DCF1DF300CEFE5E /* Assets.xcassets in Resources */ = {isa = PBXBuildFile; fileRef = 27842A2D1DCF1DF300CEFE5E /* Assets.xcassets */; };
		27842A311DCF1DF300CEFE5E /* LaunchScreen.storyboard in Resources */ = {isa = PBXBuildFile; fileRef = 27842A2F1DCF1DF300CEFE5E /* LaunchScreen.storyboard */; };
		27842A3C1DCF1DF300CEFE5E /* PitchPerfect1_0Tests.swift in Sources */ = {isa = PBXBuildFile; fileRef = 27842A3B1DCF1DF300CEFE5E /* PitchPerfect1_0Tests.swift */; };
		27842A471DCF1DF300CEFE5E /* PitchPerfect1_0UITests.swift in Sources */ = {isa = PBXBuildFile; fileRef = 27842A461DCF1DF300CEFE5E /* PitchPerfect1_0UITests.swift */; };
/* End PBXBuildFile section */

/* Begin PBXContainerItemProxy section */
		27842A381DCF1DF300CEFE5E /* PBXContainerItemProxy */ = {
			isa = PBXContainerItemProxy;
			containerPortal = 27842A1B1DCF1DF300CEFE5E /* Project object */;
			proxyType = 1;
			remoteGlobalIDString = 27842A221DCF1DF300CEFE5E;
			remoteInfo = PitchPerfect1.0;
		};
		27842A431DCF1DF300CEFE5E /* PBXContainerItemProxy */ = {
			isa = PBXContainerItemProxy;
			containerPortal = 27842A1B1DCF1DF300CEFE5E /* Project object */;
			proxyType = 1;
			remoteGlobalIDString = 27842A221DCF1DF300CEFE5E;
			remoteInfo = PitchPerfect1.0;
		};
/* End PBXContainerItemProxy section */

/* Begin PBXFileReference section */
		27842A231DCF1DF300CEFE5E /* PitchPerfect1.0.app */ = {isa = PBXFileReference; explicitFileType = wrapper.application; includeInIndex = 0; path = PitchPerfect1.0.app; sourceTree = BUILT_PRODUCTS_DIR; };
		27842A261DCF1DF300CEFE5E /* AppDelegate.swift */ = {isa = PBXFileReference; lastKnownFileType = sourcecode.swift; path = AppDelegate.swift; sourceTree = "<group>"; };
		27842A281DCF1DF300CEFE5E /* ViewController.swift */ = {isa = PBXFileReference; lastKnownFileType = sourcecode.swift; path = ViewController.swift; sourceTree = "<group>"; };
		27842A2B1DCF1DF300CEFE5E /* Base */ = {isa = PBXFileReference; lastKnownFileType = file.storyboard; name = Base; path = Base.lproj/Main.storyboard; sourceTree = "<group>"; };
		27842A2D1DCF1DF300CEFE5E /* Assets.xcassets */ = {isa = PBXFileReference; lastKnownFileType = folder.assetcatalog; path = Assets.xcassets; sourceTree = "<group>"; };
		27842A301DCF1DF300CEFE5E /* Base */ = {isa = PBXFileReference; lastKnownFileType = file.storyboard; name = Base; path = Base.lproj/LaunchScreen.storyboard; sourceTree = "<group>"; };
		27842A321DCF1DF300CEFE5E /* Info.plist */ = {isa = PBXFileReference; lastKnownFileType = text.plist.xml; path = Info.plist; sourceTree = "<group>"; };
		27842A371DCF1DF300CEFE5E /* PitchPerfect1.0Tests.xctest */ = {isa = PBXFileReference; explicitFileType = wrapper.cfbundle; includeInIndex = 0; path = PitchPerfect1.0Tests.xctest; sourceTree = BUILT_PRODUCTS_DIR; };
		27842A3B1DCF1DF300CEFE5E /* PitchPerfect1_0Tests.swift */ = {isa = PBXFileReference; lastKnownFileType = sourcecode.swift; path = PitchPerfect1_0Tests.swift; sourceTree = "<group>"; };
		27842A3D1DCF1DF300CEFE5E /* Info.plist */ = {isa = PBXFileReference; lastKnownFileType = text.plist.xml; path = Info.plist; sourceTree = "<group>"; };
		27842A421DCF1DF300CEFE5E /* PitchPerfect1.0UITests.xctest */ = {isa = PBXFileReference; explicitFileType = wrapper.cfbundle; includeInIndex = 0; path = PitchPerfect1.0UITests.xctest; sourceTree = BUILT_PRODUCTS_DIR; };
		27842A461DCF1DF300CEFE5E /* PitchPerfect1_0UITests.swift */ = {isa = PBXFileReference; lastKnownFileType = sourcecode.swift; path = PitchPerfect1_0UITests.swift; sourceTree = "<group>"; };
		27842A481DCF1DF300CEFE5E /* Info.plist */ = {isa = PBXFileReference; lastKnownFileType = text.plist.xml; path = Info.plist; sourceTree = "<group>"; };
/* End PBXFileReference section */

/* Begin PBXFrameworksBuildPhase section */
		27842A201DCF1DF300CEFE5E /* Frameworks */ = {
			isa = PBXFrameworksBuildPhase;
			buildActionMask = 2147483647;
			files = (
			);
			runOnlyForDeploymentPostprocessing = 0;
		};
		27842A341DCF1DF300CEFE5E /* Frameworks */ = {
			isa = PBXFrameworksBuildPhase;
			buildActionMask = 2147483647;
			files = (
			);
			runOnlyForDeploymentPostprocessing = 0;
		};
		27842A3F1DCF1DF300CEFE5E /* Frameworks */ = {
			isa = PBXFrameworksBuildPhase;
			buildActionMask = 2147483647;
			files = (
			);
			runOnlyForDeploymentPostprocessing = 0;
		};
/* End PBXFrameworksBuildPhase section */

/* Begin PBXGroup section */
		27842A1A1DCF1DF300CEFE5E = {
			isa = PBXGroup;
			children = (
				27842A251DCF1DF300CEFE5E /* PitchPerfect1.0 */,
				27842A3A1DCF1DF300CEFE5E /* PitchPerfect1.0Tests */,
				27842A451DCF1DF300CEFE5E /* PitchPerfect1.0UITests */,
				27842A241DCF1DF300CEFE5E /* Products */,
			);
			sourceTree = "<group>";
		};
		27842A241DCF1DF300CEFE5E /* Products */ = {
			isa = PBXGroup;
			children = (
				27842A231DCF1DF300CEFE5E /* PitchPerfect1.0.app */,
				27842A371DCF1DF300CEFE5E /* PitchPerfect1.0Tests.xctest */,
				27842A421DCF1DF300CEFE5E /* PitchPerfect1.0UITests.xctest */,
			);
			name = Products;
			sourceTree = "<group>";
		};
		27842A251DCF1DF300CEFE5E /* PitchPerfect1.0 */ = {
			isa = PBXGroup;
			children = (
				27842A261DCF1DF300CEFE5E /* AppDelegate.swift */,
				27842A281DCF1DF300CEFE5E /* ViewController.swift */,
				27842A2A1DCF1DF300CEFE5E /* Main.storyboard */,
				27842A2D1DCF1DF300CEFE5E /* Assets.xcassets */,
				27842A2F1DCF1DF300CEFE5E /* LaunchScreen.storyboard */,
				27842A321DCF1DF300CEFE5E /* Info.plist */,
			);
			path = PitchPerfect1.0;
			sourceTree = "<group>";
		};
		27842A3A1DCF1DF300CEFE5E /* PitchPerfect1.0Tests */ = {
			isa = PBXGroup;
			children = (
				27842A3B1DCF1DF300CEFE5E /* PitchPerfect1_0Tests.swift */,
				27842A3D1DCF1DF300CEFE5E /* Info.plist */,
			);
			path = PitchPerfect1.0Tests;
			sourceTree = "<group>";
		};
		27842A451DCF1DF300CEFE5E /* PitchPerfect1.0UITests */ = {
			isa = PBXGroup;
			children = (
				27842A461DCF1DF300CEFE5E /* PitchPerfect1_0UITests.swift */,
				27842A481DCF1DF300CEFE5E /* Info.plist */,
			);
			path = PitchPerfect1.0UITests;
			sourceTree = "<group>";
		};
/* End PBXGroup section */

/* Begin PBXNativeTarget section */
		27842A221DCF1DF300CEFE5E /* PitchPerfect1.0 */ = {
			isa = PBXNativeTarget;
			buildConfigurationList = 27842A4B1DCF1DF300CEFE5E /* Build configuration list for PBXNativeTarget "PitchPerfect1.0" */;
			buildPhases = (
				27842A1F1DCF1DF300CEFE5E /* Sources */,
				27842A201DCF1DF300CEFE5E /* Frameworks */,
				27842A211DCF1DF300CEFE5E /* Resources */,
			);
			buildRules = (
			);
			dependencies = (
			);
			name = PitchPerfect1.0;
			productName = PitchPerfect1.0;
			productReference = 27842A231DCF1DF300CEFE5E /* PitchPerfect1.0.app */;
			productType = "com.apple.product-type.application";
		};
		27842A361DCF1DF300CEFE5E /* PitchPerfect1.0Tests */ = {
			isa = PBXNativeTarget;
			buildConfigurationList = 27842A4E1DCF1DF300CEFE5E /* Build configuration list for PBXNativeTarget "PitchPerfect1.0Tests" */;
			buildPhases = (
				27842A331DCF1DF300CEFE5E /* Sources */,
				27842A341DCF1DF300CEFE5E /* Frameworks */,
				27842A351DCF1DF300CEFE5E /* Resources */,
			);
			buildRules = (
			);
			dependencies = (
				27842A391DCF1DF300CEFE5E /* PBXTargetDependency */,
			);
			name = PitchPerfect1.0Tests;
			productName = PitchPerfect1.0Tests;
			productReference = 27842A371DCF1DF300CEFE5E /* PitchPerfect1.0Tests.xctest */;
			productType = "com.apple.product-type.bundle.unit-test";
		};
		27842A411DCF1DF300CEFE5E /* PitchPerfect1.0UITests */ = {
			isa = PBXNativeTarget;
			buildConfigurationList = 27842A511DCF1DF300CEFE5E /* Build configuration list for PBXNativeTarget "PitchPerfect1.0UITests" */;
			buildPhases = (
				27842A3E1DCF1DF300CEFE5E /* Sources */,
				27842A3F1DCF1DF300CEFE5E /* Frameworks */,
				27842A401DCF1DF300CEFE5E /* Resources */,
			);
			buildRules = (
			);
			dependencies = (
				27842A441DCF1DF300CEFE5E /* PBXTargetDependency */,
			);
			name = PitchPerfect1.0UITests;
			productName = PitchPerfect1.0UITests;
			productReference = 27842A421DCF1DF300CEFE5E /* PitchPerfect1.0UITests.xctest */;
			productType = "com.apple.product-type.bundle.ui-testing";
		};
/* End PBXNativeTarget section */

/* Begin PBXProject section */
		27842A1B1DCF1DF300CEFE5E /* Project object */ = {
			isa = PBXProject;
			attributes = {
				LastSwiftUpdateCheck = 0810;
				LastUpgradeCheck = 0810;
				ORGANIZATIONNAME = "Vishnu Deep Samikeri";
				TargetAttributes = {
					27842A221DCF1DF300CEFE5E = {
						CreatedOnToolsVersion = 8.1;
						ProvisioningStyle = Automatic;
					};
					27842A361DCF1DF300CEFE5E = {
						CreatedOnToolsVersion = 8.1;
						ProvisioningStyle = Automatic;
						TestTargetID = 27842A221DCF1DF300CEFE5E;
					};
					27842A411DCF1DF300CEFE5E = {
						CreatedOnToolsVersion = 8.1;
						ProvisioningStyle = Automatic;
						TestTargetID = 27842A221DCF1DF300CEFE5E;
					};
				};
			};
			buildConfigurationList = 27842A1E1DCF1DF300CEFE5E /* Build configuration list for PBXProject "PitchPerfect1.0" */;
			compatibilityVersion = "Xcode 3.2";
			developmentRegion = English;
			hasScannedForEncodings = 0;
			knownRegions = (
				en,
				Base,
			);
			mainGroup = 27842A1A1DCF1DF300CEFE5E;
			productRefGroup = 27842A241DCF1DF300CEFE5E /* Products */;
			projectDirPath = "";
			projectRoot = "";
			targets = (
				27842A221DCF1DF300CEFE5E /* PitchPerfect1.0 */,
				27842A361DCF1DF300CEFE5E /* PitchPerfect1.0Tests */,
				27842A411DCF1DF300CEFE5E /* PitchPerfect1.0UITests */,
			);
		};
/* End PBXProject section */

/* Begin PBXResourcesBuildPhase section */
		27842A211DCF1DF300CEFE5E /* Resources */ = {
			isa = PBXResourcesBuildPhase;
			buildActionMask = 2147483647;
			files = (
				27842A311DCF1DF300CEFE5E /* LaunchScreen.storyboard in Resources */,
				27842A2E1DCF1DF300CEFE5E /* Assets.xcassets in Resources */,
				27842A2C1DCF1DF300CEFE5E /* Main.storyboard in Resources */,
			);
			runOnlyForDeploymentPostprocessing = 0;
		};
		27842A351DCF1DF300CEFE5E /* Resources */ = {
			isa = PBXResourcesBuildPhase;
			buildActionMask = 2147483647;
			files = (
			);
			runOnlyForDeploymentPostprocessing = 0;
		};
		27842A401DCF1DF300CEFE5E /* Resources */ = {
			isa = PBXResourcesBuildPhase;
			buildActionMask = 2147483647;
			files = (
			);
			runOnlyForDeploymentPostprocessing = 0;
		};
/* End PBXResourcesBuildPhase section */

/* Begin PBXSourcesBuildPhase section */
		27842A1F1DCF1DF300CEFE5E /* Sources */ = {
			isa = PBXSourcesBuildPhase;
			buildActionMask = 2147483647;
			files = (
				27842A291DCF1DF300CEFE5E /* ViewController.swift in Sources */,
				27842A271DCF1DF300CEFE5E /* AppDelegate.swift in Sources */,
			);
			runOnlyForDeploymentPostprocessing = 0;
		};
		27842A331DCF1DF300CEFE5E /* Sources */ = {
			isa = PBXSourcesBuildPhase;
			buildActionMask = 2147483647;
			files = (
				27842A3C1DCF1DF300CEFE5E /* PitchPerfect1_0Tests.swift in Sources */,
			);
			runOnlyForDeploymentPostprocessing = 0;
		};
		27842A3E1DCF1DF300CEFE5E /* Sources */ = {
			isa = PBXSourcesBuildPhase;
			buildActionMask = 2147483647;
			files = (
				27842A471DCF1DF300CEFE5E /* PitchPerfect1_0UITests.swift in Sources */,
			);
			runOnlyForDeploymentPostprocessing = 0;
		};
/* End PBXSourcesBuildPhase section */

/* Begin PBXTargetDependency section */
		27842A391DCF1DF300CEFE5E /* PBXTargetDependency */ = {
			isa = PBXTargetDependency;
			target = 27842A221DCF1DF300CEFE5E /* PitchPerfect1.0 */;
			targetProxy = 27842A381DCF1DF300CEFE5E /* PBXContainerItemProxy */;
		};
		27842A441DCF1DF300CEFE5E /* PBXTargetDependency */ = {
			isa = PBXTargetDependency;
			target = 27842A221DCF1DF300CEFE5E /* PitchPerfect1.0 */;
			targetProxy = 27842A431DCF1DF300CEFE5E /* PBXContainerItemProxy */;
		};
/* End PBXTargetDependency section */

/* Begin PBXVariantGroup section */
		27842A2A1DCF1DF300CEFE5E /* Main.storyboard */ = {
			isa = PBXVariantGroup;
			children = (
				27842A2B1DCF1DF300CEFE5E /* Base */,
			);
			name = Main.storyboard;
			sourceTree = "<group>";
		};
		27842A2F1DCF1DF300CEFE5E /* LaunchScreen.storyboard */ = {
			isa = PBXVariantGroup;
			children = (
				27842A301DCF1DF300CEFE5E /* Base */,
			);
			name = LaunchScreen.storyboard;
			sourceTree = "<group>";
		};
/* End PBXVariantGroup section */

/* Begin XCBuildConfiguration section */
		27842A491DCF1DF300CEFE5E /* Debug */ = {
			isa = XCBuildConfiguration;
			buildSettings = {
				ALWAYS_SEARCH_USER_PATHS = NO;
				CLANG_ANALYZER_NONNULL = YES;
				CLANG_CXX_LANGUAGE_STANDARD = "gnu++0x";
				CLANG_CXX_LIBRARY = "libc++";
				CLANG_ENABLE_MODULES = YES;
				CLANG_ENABLE_OBJC_ARC = YES;
				CLANG_WARN_BOOL_CONVERSION = YES;
				CLANG_WARN_CONSTANT_CONVERSION = YES;
				CLANG_WARN_DIRECT_OBJC_ISA_USAGE = YES_ERROR;
				CLANG_WARN_DOCUMENTATION_COMMENTS = YES;
				CLANG_WARN_EMPTY_BODY = YES;
				CLANG_WARN_ENUM_CONVERSION = YES;
				CLANG_WARN_INFINITE_RECURSION = YES;
				CLANG_WARN_INT_CONVERSION = YES;
				CLANG_WARN_OBJC_ROOT_CLASS = YES_ERROR;
				CLANG_WARN_SUSPICIOUS_MOVES = YES;
				CLANG_WARN_UNREACHABLE_CODE = YES;
				CLANG_WARN__DUPLICATE_METHOD_MATCH = YES;
				"CODE_SIGN_IDENTITY[sdk=iphoneos*]" = "iPhone Developer";
				COPY_PHASE_STRIP = NO;
				DEBUG_INFORMATION_FORMAT = dwarf;
				ENABLE_STRICT_OBJC_MSGSEND = YES;
				ENABLE_TESTABILITY = YES;
				GCC_C_LANGUAGE_STANDARD = gnu99;
				GCC_DYNAMIC_NO_PIC = NO;
				GCC_NO_COMMON_BLOCKS = YES;
				GCC_OPTIMIZATION_LEVEL = 0;
				GCC_PREPROCESSOR_DEFINITIONS = (
					"DEBUG=1",
					"$(inherited)",
				);
				GCC_WARN_64_TO_32_BIT_CONVERSION = YES;
				GCC_WARN_ABOUT_RETURN_TYPE = YES_ERROR;
				GCC_WARN_UNDECLARED_SELECTOR = YES;
				GCC_WARN_UNINITIALIZED_AUTOS = YES_AGGRESSIVE;
				GCC_WARN_UNUSED_FUNCTION = YES;
				GCC_WARN_UNUSED_VARIABLE = YES;
				IPHONEOS_DEPLOYMENT_TARGET = 10.1;
				MTL_ENABLE_DEBUG_INFO = YES;
				ONLY_ACTIVE_ARCH = YES;
				SDKROOT = iphoneos;
				SWIFT_ACTIVE_COMPILATION_CONDITIONS = DEBUG;
				SWIFT_OPTIMIZATION_LEVEL = "-Onone";
			};
			name = Debug;
		};
		27842A4A1DCF1DF300CEFE5E /* Release */ = {
			isa = XCBuildConfiguration;
			buildSettings = {
				ALWAYS_SEARCH_USER_PATHS = NO;
				CLANG_ANALYZER_NONNULL = YES;
				CLANG_CXX_LANGUAGE_STANDARD = "gnu++0x";
				CLANG_CXX_LIBRARY = "libc++";
				CLANG_ENABLE_MODULES = YES;
				CLANG_ENABLE_OBJC_ARC = YES;
				CLANG_WARN_BOOL_CONVERSION = YES;
				CLANG_WARN_CONSTANT_CONVERSION = YES;
				CLANG_WARN_DIRECT_OBJC_ISA_USAGE = YES_ERROR;
				CLANG_WARN_DOCUMENTATION_COMMENTS = YES;
				CLANG_WARN_EMPTY_BODY = YES;
				CLANG_WARN_ENUM_CONVERSION = YES;
				CLANG_WARN_INFINITE_RECURSION = YES;
				CLANG_WARN_INT_CONVERSION = YES;
				CLANG_WARN_OBJC_ROOT_CLASS = YES_ERROR;
				CLANG_WARN_SUSPICIOUS_MOVES = YES;
				CLANG_WARN_UNREACHABLE_CODE = YES;
				CLANG_WARN__DUPLICATE_METHOD_MATCH = YES;
				"CODE_SIGN_IDENTITY[sdk=iphoneos*]" = "iPhone Developer";
				COPY_PHASE_STRIP = NO;
				DEBUG_INFORMATION_FORMAT = "dwarf-with-dsym";
				ENABLE_NS_ASSERTIONS = NO;
				ENABLE_STRICT_OBJC_MSGSEND = YES;
				GCC_C_LANGUAGE_STANDARD = gnu99;
				GCC_NO_COMMON_BLOCKS = YES;
				GCC_WARN_64_TO_32_BIT_CONVERSION = YES;
				GCC_WARN_ABOUT_RETURN_TYPE = YES_ERROR;
				GCC_WARN_UNDECLARED_SELECTOR = YES;
				GCC_WARN_UNINITIALIZED_AUTOS = YES_AGGRESSIVE;
				GCC_WARN_UNUSED_FUNCTION = YES;
				GCC_WARN_UNUSED_VARIABLE = YES;
				IPHONEOS_DEPLOYMENT_TARGET = 10.1;
				MTL_ENABLE_DEBUG_INFO = NO;
				SDKROOT = iphoneos;
				SWIFT_OPTIMIZATION_LEVEL = "-Owholemodule";
				VALIDATE_PRODUCT = YES;
			};
			name = Release;
		};
		27842A4C1DCF1DF300CEFE5E /* Debug */ = {
			isa = XCBuildConfiguration;
			buildSettings = {
				ASSETCATALOG_COMPILER_APPICON_NAME = AppIcon;
				INFOPLIST_FILE = PitchPerfect1.0/Info.plist;
				LD_RUNPATH_SEARCH_PATHS = "$(inherited) @executable_path/Frameworks";
				PRODUCT_BUNDLE_IDENTIFIER = "com.Viper.PitchPerfect1-0";
				PRODUCT_NAME = "$(TARGET_NAME)";
				SWIFT_VERSION = 3.0;
			};
			name = Debug;
		};
		27842A4D1DCF1DF300CEFE5E /* Release */ = {
			isa = XCBuildConfiguration;
			buildSettings = {
				ASSETCATALOG_COMPILER_APPICON_NAME = AppIcon;
				INFOPLIST_FILE = PitchPerfect1.0/Info.plist;
				LD_RUNPATH_SEARCH_PATHS = "$(inherited) @executable_path/Frameworks";
				PRODUCT_BUNDLE_IDENTIFIER = "com.Viper.PitchPerfect1-0";
				PRODUCT_NAME = "$(TARGET_NAME)";
				SWIFT_VERSION = 3.0;
			};
			name = Release;
		};
		27842A4F1DCF1DF300CEFE5E /* Debug */ = {
			isa = XCBuildConfiguration;
			buildSettings = {
				ALWAYS_EMBED_SWIFT_STANDARD_LIBRARIES = YES;
				BUNDLE_LOADER = "$(TEST_HOST)";
				INFOPLIST_FILE = PitchPerfect1.0Tests/Info.plist;
				LD_RUNPATH_SEARCH_PATHS = "$(inherited) @executable_path/Frameworks @loader_path/Frameworks";
				PRODUCT_BUNDLE_IDENTIFIER = "com.Viper.PitchPerfect1-0Tests";
				PRODUCT_NAME = "$(TARGET_NAME)";
				SWIFT_VERSION = 3.0;
				TEST_HOST = "$(BUILT_PRODUCTS_DIR)/PitchPerfect1.0.app/PitchPerfect1.0";
			};
			name = Debug;
		};
		27842A501DCF1DF300CEFE5E /* Release */ = {
			isa = XCBuildConfiguration;
			buildSettings = {
				ALWAYS_EMBED_SWIFT_STANDARD_LIBRARIES = YES;
				BUNDLE_LOADER = "$(TEST_HOST)";
				INFOPLIST_FILE = PitchPerfect1.0Tests/Info.plist;
				LD_RUNPATH_SEARCH_PATHS = "$(inherited) @executable_path/Frameworks @loader_path/Frameworks";
				PRODUCT_BUNDLE_IDENTIFIER = "com.Viper.PitchPerfect1-0Tests";
				PRODUCT_NAME = "$(TARGET_NAME)";
				SWIFT_VERSION = 3.0;
				TEST_HOST = "$(BUILT_PRODUCTS_DIR)/PitchPerfect1.0.app/PitchPerfect1.0";
			};
			name = Release;
		};
		27842A521DCF1DF300CEFE5E /* Debug */ = {
			isa = XCBuildConfiguration;
			buildSettings = {
				ALWAYS_EMBED_SWIFT_STANDARD_LIBRARIES = YES;
				INFOPLIST_FILE = PitchPerfect1.0UITests/Info.plist;
				LD_RUNPATH_SEARCH_PATHS = "$(inherited) @executable_path/Frameworks @loader_path/Frameworks";
				PRODUCT_BUNDLE_IDENTIFIER = "com.Viper.PitchPerfect1-0UITests";
				PRODUCT_NAME = "$(TARGET_NAME)";
				SWIFT_VERSION = 3.0;
				TEST_TARGET_NAME = PitchPerfect1.0;
			};
			name = Debug;
		};
		27842A531DCF1DF300CEFE5E /* Release */ = {
			isa = XCBuildConfiguration;
			buildSettings = {
				ALWAYS_EMBED_SWIFT_STANDARD_LIBRARIES = YES;
				INFOPLIST_FILE = PitchPerfect1.0UITests/Info.plist;
				LD_RUNPATH_SEARCH_PATHS = "$(inherited) @executable_path/Frameworks @loader_path/Frameworks";
				PRODUCT_BUNDLE_IDENTIFIER = "com.Viper.PitchPerfect1-0UITests";
				PRODUCT_NAME = "$(TARGET_NAME)";
				SWIFT_VERSION = 3.0;
				TEST_TARGET_NAME = PitchPerfect1.0;
			};
			name = Release;
		};
/* End XCBuildConfiguration section */

/* Begin XCConfigurationList section */
		27842A1E1DCF1DF300CEFE5E /* Build configuration list for PBXProject "PitchPerfect1.0" */ = {
			isa = XCConfigurationList;
			buildConfigurations = (
				27842A491DCF1DF300CEFE5E /* Debug */,
				27842A4A1DCF1DF300CEFE5E /* Release */,
			);
			defaultConfigurationIsVisible = 0;
			defaultConfigurationName = Release;
		};
		27842A4B1DCF1DF300CEFE5E /* Build configuration list for PBXNativeTarget "PitchPerfect1.0" */ = {
			isa = XCConfigurationList;
			buildConfigurations = (
				27842A4C1DCF1DF300CEFE5E /* Debug */,
				27842A4D1DCF1DF300CEFE5E /* Release */,
			);
			defaultConfigurationIsVisible = 0;
		};
		27842A4E1DCF1DF300CEFE5E /* Build configuration list for PBXNativeTarget "PitchPerfect1.0Tests" */ = {
			isa = XCConfigurationList;
			buildConfigurations = (
				27842A4F1DCF1DF300CEFE5E /* Debug */,
				27842A501DCF1DF300CEFE5E /* Release */,
			);
			defaultConfigurationIsVisible = 0;
		};
		27842A511DCF1DF300CEFE5E /* Build configuration list for PBXNativeTarget "PitchPerfect1.0UITests" */ = {
			isa = XCConfigurationList;
			buildConfigurations = (
				27842A521DCF1DF300CEFE5E /* Debug */,
				27842A531DCF1DF300CEFE5E /* Release */,
			);
			defaultConfigurationIsVisible = 0;
		};
/* End XCConfigurationList section */
	};
	rootObject = 27842A1B1DCF1DF300CEFE5E /* Project object */;
}
